// !$*UTF8*$!
{
	archiveVersion = 1;
	classes = {
	};
	objectVersion = 46;
	objects = {

/* Begin PBXBuildFile section */
		4C1498061A87B6E4005AF504 /* main.m in Sources */ = {isa = PBXBuildFile; fileRef = 4C1498051A87B6E4005AF504 /* main.m */; };
		4C1498091A87B6E4005AF504 /* AppDelegate.m in Sources */ = {isa = PBXBuildFile; fileRef = 4C1498081A87B6E4005AF504 /* AppDelegate.m */; };
		4C14980C1A87B6E4005AF504 /* ViewController.m in Sources */ = {isa = PBXBuildFile; fileRef = 4C14980B1A87B6E4005AF504 /* ViewController.m */; };
		4C14980F1A87B6E4005AF504 /* Main.storyboard in Resources */ = {isa = PBXBuildFile; fileRef = 4C14980D1A87B6E4005AF504 /* Main.storyboard */; };
		4C1498111A87B6E4005AF504 /* Images.xcassets in Resources */ = {isa = PBXBuildFile; fileRef = 4C1498101A87B6E4005AF504 /* Images.xcassets */; };
		4C1498141A87B6E4005AF504 /* LaunchScreen.xib in Resources */ = {isa = PBXBuildFile; fileRef = 4C1498121A87B6E4005AF504 /* LaunchScreen.xib */; };
		4C1498201A87B6E4005AF504 /* Transform__Tests.m in Sources */ = {isa = PBXBuildFile; fileRef = 4C14981F1A87B6E4005AF504 /* Transform__Tests.m */; };
/* End PBXBuildFile section */

/* Begin PBXContainerItemProxy section */
		4C14981A1A87B6E4005AF504 /* PBXContainerItemProxy */ = {
			isa = PBXContainerItemProxy;
			containerPortal = 4C1497F81A87B6E4005AF504 /* Project object */;
			proxyType = 1;
			remoteGlobalIDString = 4C1497FF1A87B6E4005AF504;
			remoteInfo = "Transform例子";
		};
/* End PBXContainerItemProxy section */

/* Begin PBXFileReference section */
		4C1498001A87B6E4005AF504 /* Transform例子.app */ = {isa = PBXFileReference; explicitFileType = wrapper.application; includeInIndex = 0; path = "Transform例子.app"; sourceTree = BUILT_PRODUCTS_DIR; };
		4C1498041A87B6E4005AF504 /* Info.plist */ = {isa = PBXFileReference; lastKnownFileType = text.plist.xml; path = Info.plist; sourceTree = "<group>"; };
		4C1498051A87B6E4005AF504 /* main.m */ = {isa = PBXFileReference; lastKnownFileType = sourcecode.c.objc; path = main.m; sourceTree = "<group>"; };
		4C1498071A87B6E4005AF504 /* AppDelegate.h */ = {isa = PBXFileReference; lastKnownFileType = sourcecode.c.h; path = AppDelegate.h; sourceTree = "<group>"; };
		4C1498081A87B6E4005AF504 /* AppDelegate.m */ = {isa = PBXFileReference; lastKnownFileType = sourcecode.c.objc; path = AppDelegate.m; sourceTree = "<group>"; };
		4C14980A1A87B6E4005AF504 /* ViewController.h */ = {isa = PBXFileReference; lastKnownFileType = sourcecode.c.h; path = ViewController.h; sourceTree = "<group>"; };
		4C14980B1A87B6E4005AF504 /* ViewController.m */ = {isa = PBXFileReference; lastKnownFileType = sourcecode.c.objc; path = ViewController.m; sourceTree = "<group>"; };
		4C14980E1A87B6E4005AF504 /* Base */ = {isa = PBXFileReference; lastKnownFileType = file.storyboard; name = Base; path = Base.lproj/Main.storyboard; sourceTree = "<group>"; };
		4C1498101A87B6E4005AF504 /* Images.xcassets */ = {isa = PBXFileReference; lastKnownFileType = folder.assetcatalog; path = Images.xcassets; sourceTree = "<group>"; };
		4C1498131A87B6E4005AF504 /* Base */ = {isa = PBXFileReference; lastKnownFileType = file.xib; name = Base; path = Base.lproj/LaunchScreen.xib; sourceTree = "<group>"; };
		4C1498191A87B6E4005AF504 /* Transform例子Tests.xctest */ = {isa = PBXFileReference; explicitFileType = wrapper.cfbundle; includeInIndex = 0; path = "Transform例子Tests.xctest"; sourceTree = BUILT_PRODUCTS_DIR; };
		4C14981E1A87B6E4005AF504 /* Info.plist */ = {isa = PBXFileReference; lastKnownFileType = text.plist.xml; path = Info.plist; sourceTree = "<group>"; };
		4C14981F1A87B6E4005AF504 /* Transform__Tests.m */ = {isa = PBXFileReference; lastKnownFileType = sourcecode.c.objc; path = Transform__Tests.m; sourceTree = "<group>"; };
/* End PBXFileReference section */

/* Begin PBXFrameworksBuildPhase section */
		4C1497FD1A87B6E4005AF504 /* Frameworks */ = {
			isa = PBXFrameworksBuildPhase;
			buildActionMask = 2147483647;
			files = (
			);
			runOnlyForDeploymentPostprocessing = 0;
		};
		4C1498161A87B6E4005AF504 /* Frameworks */ = {
			isa = PBXFrameworksBuildPhase;
			buildActionMask = 2147483647;
			files = (
			);
			runOnlyForDeploymentPostprocessing = 0;
		};
/* End PBXFrameworksBuildPhase section */

/* Begin PBXGroup section */
		4C1497F71A87B6E4005AF504 = {
			isa = PBXGroup;
			children = (
				4C1498021A87B6E4005AF504 /* Transform例子 */,
				4C14981C1A87B6E4005AF504 /* Transform例子Tests */,
				4C1498011A87B6E4005AF504 /* Products */,
			);
			sourceTree = "<group>";
		};
		4C1498011A87B6E4005AF504 /* Products */ = {
			isa = PBXGroup;
			children = (
				4C1498001A87B6E4005AF504 /* Transform例子.app */,
				4C1498191A87B6E4005AF504 /* Transform例子Tests.xctest */,
			);
			name = Products;
			sourceTree = "<group>";
		};
		4C1498021A87B6E4005AF504 /* Transform例子 */ = {
			isa = PBXGroup;
			children = (
				4C1498071A87B6E4005AF504 /* AppDelegate.h */,
				4C1498081A87B6E4005AF504 /* AppDelegate.m */,
				4C14980A1A87B6E4005AF504 /* ViewController.h */,
				4C14980B1A87B6E4005AF504 /* ViewController.m */,
				4C14980D1A87B6E4005AF504 /* Main.storyboard */,
				4C1498101A87B6E4005AF504 /* Images.xcassets */,
				4C1498121A87B6E4005AF504 /* LaunchScreen.xib */,
				4C1498031A87B6E4005AF504 /* Supporting Files */,
			);
			path = "Transform例子";
			sourceTree = "<group>";
		};
		4C1498031A87B6E4005AF504 /* Supporting Files */ = {
			isa = PBXGroup;
			children = (
				4C1498041A87B6E4005AF504 /* Info.plist */,
				4C1498051A87B6E4005AF504 /* main.m */,
			);
			name = "Supporting Files";
			sourceTree = "<group>";
		};
		4C14981C1A87B6E4005AF504 /* Transform例子Tests */ = {
			isa = PBXGroup;
			children = (
				4C14981F1A87B6E4005AF504 /* Transform__Tests.m */,
				4C14981D1A87B6E4005AF504 /* Supporting Files */,
			);
			path = "Transform例子Tests";
			sourceTree = "<group>";
		};
		4C14981D1A87B6E4005AF504 /* Supporting Files */ = {
			isa = PBXGroup;
			children = (
				4C14981E1A87B6E4005AF504 /* Info.plist */,
			);
			name = "Supporting Files";
			sourceTree = "<group>";
		};
/* End PBXGroup section */

/* Begin PBXNativeTarget section */
		4C1497FF1A87B6E4005AF504 /* Transform例子 */ = {
			isa = PBXNativeTarget;
			buildConfigurationList = 4C1498231A87B6E4005AF504 /* Build configuration list for PBXNativeTarget "Transform例子" */;
			buildPhases = (
				4C1497FC1A87B6E4005AF504 /* Sources */,
				4C1497FD1A87B6E4005AF504 /* Frameworks */,
				4C1497FE1A87B6E4005AF504 /* Resources */,
			);
			buildRules = (
			);
			dependencies = (
			);
			name = "Transform例子";
			productName = "Transform例子";
			productReference = 4C1498001A87B6E4005AF504 /* Transform例子.app */;
			productType = "com.apple.product-type.application";
		};
		4C1498181A87B6E4005AF504 /* Transform例子Tests */ = {
			isa = PBXNativeTarget;
			buildConfigurationList = 4C1498261A87B6E4005AF504 /* Build configuration list for PBXNativeTarget "Transform例子Tests" */;
			buildPhases = (
				4C1498151A87B6E4005AF504 /* Sources */,
				4C1498161A87B6E4005AF504 /* Frameworks */,
				4C1498171A87B6E4005AF504 /* Resources */,
			);
			buildRules = (
			);
			dependencies = (
				4C14981B1A87B6E4005AF504 /* PBXTargetDependency */,
			);
			name = "Transform例子Tests";
			productName = "Transform例子Tests";
			productReference = 4C1498191A87B6E4005AF504 /* Transform例子Tests.xctest */;
			productType = "com.apple.product-type.bundle.unit-test";
		};
/* End PBXNativeTarget section */

/* Begin PBXProject section */
		4C1497F81A87B6E4005AF504 /* Project object */ = {
			isa = PBXProject;
			attributes = {
				LastUpgradeCheck = 0610;
				ORGANIZATIONNAME = "wang yuepeng";
				TargetAttributes = {
					4C1497FF1A87B6E4005AF504 = {
						CreatedOnToolsVersion = 6.1.1;
					};
					4C1498181A87B6E4005AF504 = {
						CreatedOnToolsVersion = 6.1.1;
						TestTargetID = 4C1497FF1A87B6E4005AF504;
					};
				};
			};
			buildConfigurationList = 4C1497FB1A87B6E4005AF504 /* Build configuration list for PBXProject "Transform例子" */;
			compatibilityVersion = "Xcode 3.2";
			developmentRegion = English;
			hasScannedForEncodings = 0;
			knownRegions = (
				en,
				Base,
			);
			mainGroup = 4C1497F71A87B6E4005AF504;
			productRefGroup = 4C1498011A87B6E4005AF504 /* Products */;
			projectDirPath = "";
			projectRoot = "";
			targets = (
				4C1497FF1A87B6E4005AF504 /* Transform例子 */,
				4C1498181A87B6E4005AF504 /* Transform例子Tests */,
			);
		};
/* End PBXProject section */

/* Begin PBXResourcesBuildPhase section */
		4C1497FE1A87B6E4005AF504 /* Resources */ = {
			isa = PBXResourcesBuildPhase;
			buildActionMask = 2147483647;
			files = (
				4C14980F1A87B6E4005AF504 /* Main.storyboard in Resources */,
				4C1498141A87B6E4005AF504 /* LaunchScreen.xib in Resources */,
				4C1498111A87B6E4005AF504 /* Images.xcassets in Resources */,
			);
			runOnlyForDeploymentPostprocessing = 0;
		};
		4C1498171A87B6E4005AF504 /* Resources */ = {
			isa = PBXResourcesBuildPhase;
			buildActionMask = 2147483647;
			files = (
			);
			runOnlyForDeploymentPostprocessing = 0;
		};
/* End PBXResourcesBuildPhase section */

/* Begin PBXSourcesBuildPhase section */
		4C1497FC1A87B6E4005AF504 /* Sources */ = {
			isa = PBXSourcesBuildPhase;
			buildActionMask = 2147483647;
			files = (
				4C14980C1A87B6E4005AF504 /* ViewController.m in Sources */,
				4C1498091A87B6E4005AF504 /* AppDelegate.m in Sources */,
				4C1498061A87B6E4005AF504 /* main.m in Sources */,
			);
			runOnlyForDeploymentPostprocessing = 0;
		};
		4C1498151A87B6E4005AF504 /* Sources */ = {
			isa = PBXSourcesBuildPhase;
			buildActionMask = 2147483647;
			files = (
				4C1498201A87B6E4005AF504 /* Transform__Tests.m in Sources */,
			);
			runOnlyForDeploymentPostprocessing = 0;
		};
/* End PBXSourcesBuildPhase section */

/* Begin PBXTargetDependency section */
		4C14981B1A87B6E4005AF504 /* PBXTargetDependency */ = {
			isa = PBXTargetDependency;
			target = 4C1497FF1A87B6E4005AF504 /* Transform例子 */;
			targetProxy = 4C14981A1A87B6E4005AF504 /* PBXContainerItemProxy */;
		};
/* End PBXTargetDependency section */

/* Begin PBXVariantGroup section */
		4C14980D1A87B6E4005AF504 /* Main.storyboard */ = {
			isa = PBXVariantGroup;
			children = (
				4C14980E1A87B6E4005AF504 /* Base */,
			);
			name = Main.storyboard;
			sourceTree = "<group>";
		};
		4C1498121A87B6E4005AF504 /* LaunchScreen.xib */ = {
			isa = PBXVariantGroup;
			children = (
				4C1498131A87B6E4005AF504 /* Base */,
			);
			name = LaunchScreen.xib;
			sourceTree = "<group>";
		};
/* End PBXVariantGroup section */

/* Begin XCBuildConfiguration section */
		4C1498211A87B6E4005AF504 /* Debug */ = {
			isa = XCBuildConfiguration;
			buildSettings = {
				ALWAYS_SEARCH_USER_PATHS = NO;
				CLANG_CXX_LANGUAGE_STANDARD = "gnu++0x";
				CLANG_CXX_LIBRARY = "libc++";
				CLANG_ENABLE_MODULES = YES;
				CLANG_ENABLE_OBJC_ARC = YES;
				CLANG_WARN_BOOL_CONVERSION = YES;
				CLANG_WARN_CONSTANT_CONVERSION = YES;
				CLANG_WARN_DIRECT_OBJC_ISA_USAGE = YES_ERROR;
				CLANG_WARN_EMPTY_BODY = YES;
				CLANG_WARN_ENUM_CONVERSION = YES;
				CLANG_WARN_INT_CONVERSION = YES;
				CLANG_WARN_OBJC_ROOT_CLASS = YES_ERROR;
				CLANG_WARN_UNREACHABLE_CODE = YES;
				CLANG_WARN__DUPLICATE_METHOD_MATCH = YES;
				"CODE_SIGN_IDENTITY[sdk=iphoneos*]" = "iPhone Developer";
				COPY_PHASE_STRIP = NO;
				ENABLE_STRICT_OBJC_MSGSEND = YES;
				GCC_C_LANGUAGE_STANDARD = gnu99;
				GCC_DYNAMIC_NO_PIC = NO;
				GCC_OPTIMIZATION_LEVEL = 0;
				GCC_PREPROCESSOR_DEFINITIONS = (
					"DEBUG=1",
					"$(inherited)",
				);
				GCC_SYMBOLS_PRIVATE_EXTERN = NO;
				GCC_WARN_64_TO_32_BIT_CONVERSION = YES;
				GCC_WARN_ABOUT_RETURN_TYPE = YES_ERROR;
				GCC_WARN_UNDECLARED_SELECTOR = YES;
				GCC_WARN_UNINITIALIZED_AUTOS = YES_AGGRESSIVE;
				GCC_WARN_UNUSED_FUNCTION = YES;
				GCC_WARN_UNUSED_VARIABLE = YES;
				IPHONEOS_DEPLOYMENT_TARGET = 8.1;
				MTL_ENABLE_DEBUG_INFO = YES;
				ONLY_ACTIVE_ARCH = YES;
				SDKROOT = iphoneos;
			};
			name = Debug;
		};
		4C1498221A87B6E4005AF504 /* Release */ = {
			isa = XCBuildConfiguration;
			buildSettings = {
				ALWAYS_SEARCH_USER_PATHS = NO;
				CLANG_CXX_LANGUAGE_STANDARD = "gnu++0x";
				CLANG_CXX_LIBRARY = "libc++";
				CLANG_ENABLE_MODULES = YES;
				CLANG_ENABLE_OBJC_ARC = YES;
				CLANG_WARN_BOOL_CONVERSION = YES;
				CLANG_WARN_CONSTANT_CONVERSION = YES;
				CLANG_WARN_DIRECT_OBJC_ISA_USAGE = YES_ERROR;
				CLANG_WARN_EMPTY_BODY = YES;
				CLANG_WARN_ENUM_CONVERSION = YES;
				CLANG_WARN_INT_CONVERSION = YES;
				CLANG_WARN_OBJC_ROOT_CLASS = YES_ERROR;
				CLANG_WARN_UNREACHABLE_CODE = YES;
				CLANG_WARN__DUPLICATE_METHOD_MATCH = YES;
				"CODE_SIGN_IDENTITY[sdk=iphoneos*]" = "iPhone Developer";
				COPY_PHASE_STRIP = YES;
				ENABLE_NS_ASSERTIONS = NO;
				ENABLE_STRICT_OBJC_MSGSEND = YES;
				GCC_C_LANGUAGE_STANDARD = gnu99;
				GCC_WARN_64_TO_32_BIT_CONVERSION = YES;
				GCC_WARN_ABOUT_RETURN_TYPE = YES_ERROR;
				GCC_WARN_UNDECLARED_SELECTOR = YES;
				GCC_WARN_UNINITIALIZED_AUTOS = YES_AGGRESSIVE;
				GCC_WARN_UNUSED_FUNCTION = YES;
				GCC_WARN_UNUSED_VARIABLE = YES;
				IPHONEOS_DEPLOYMENT_TARGET = 8.1;
				MTL_ENABLE_DEBUG_INFO = NO;
				SDKROOT = iphoneos;
				VALIDATE_PRODUCT = YES;
			};
			name = Release;
		};
		4C1498241A87B6E4005AF504 /* Debug */ = {
			isa = XCBuildConfiguration;
			buildSettings = {
				ASSETCATALOG_COMPILER_APPICON_NAME = AppIcon;
				INFOPLIST_FILE = "Transform例子/Info.plist";
				LD_RUNPATH_SEARCH_PATHS = "$(inherited) @executable_path/Frameworks";
				PRODUCT_NAME = "$(TARGET_NAME)";
			};
			name = Debug;
		};
		4C1498251A87B6E4005AF504 /* Release */ = {
			isa = XCBuildConfiguration;
			buildSettings = {
				ASSETCATALOG_COMPILER_APPICON_NAME = AppIcon;
				INFOPLIST_FILE = "Transform例子/Info.plist";
				LD_RUNPATH_SEARCH_PATHS = "$(inherited) @executable_path/Frameworks";
				PRODUCT_NAME = "$(TARGET_NAME)";
			};
			name = Release;
		};
		4C1498271A87B6E4005AF504 /* Debug */ = {
			isa = XCBuildConfiguration;
			buildSettings = {
				BUNDLE_LOADER = "$(TEST_HOST)";
				FRAMEWORK_SEARCH_PATHS = (
					"$(SDKROOT)/Developer/Library/Frameworks",
					"$(inherited)",
				);
				GCC_PREPROCESSOR_DEFINITIONS = (
					"DEBUG=1",
					"$(inherited)",
				);
				INFOPLIST_FILE = "Transform例子Tests/Info.plist";
				LD_RUNPATH_SEARCH_PATHS = "$(inherited) @executable_path/Frameworks @loader_path/Frameworks";
				PRODUCT_NAME = "$(TARGET_NAME)";
				TEST_HOST = "$(BUILT_PRODUCTS_DIR)/Transform例子.app/Transform例子";
			};
			name = Debug;
		};
		4C1498281A87B6E4005AF504 /* Release */ = {
			isa = XCBuildConfiguration;
			buildSettings = {
				BUNDLE_LOADER = "$(TEST_HOST)";
				FRAMEWORK_SEARCH_PATHS = (
					"$(SDKROOT)/Developer/Library/Frameworks",
					"$(inherited)",
				);
				INFOPLIST_FILE = "Transform例子Tests/Info.plist";
				LD_RUNPATH_SEARCH_PATHS = "$(inherited) @executable_path/Frameworks @loader_path/Frameworks";
				PRODUCT_NAME = "$(TARGET_NAME)";
				TEST_HOST = "$(BUILT_PRODUCTS_DIR)/Transform例子.app/Transform例子";
			};
			name = Release;
		};
/* End XCBuildConfiguration section */

/* Begin XCConfigurationList section */
		4C1497FB1A87B6E4005AF504 /* Build configuration list for PBXProject "Transform例子" */ = {
			isa = XCConfigurationList;
			buildConfigurations = (
				4C1498211A87B6E4005AF504 /* Debug */,
				4C1498221A87B6E4005AF504 /* Release */,
			);
			defaultConfigurationIsVisible = 0;
			defaultConfigurationName = Release;
		};
		4C1498231A87B6E4005AF504 /* Build configuration list for PBXNativeTarget "Transform例子" */ = {
			isa = XCConfigurationList;
			buildConfigurations = (
				4C1498241A87B6E4005AF504 /* Debug */,
				4C1498251A87B6E4005AF504 /* Release */,
			);
			defaultConfigurationIsVisible = 0;
		};
		4C1498261A87B6E4005AF504 /* Build configuration list for PBXNativeTarget "Transform例子Tests" */ = {
			isa = XCConfigurationList;
			buildConfigurations = (
				4C1498271A87B6E4005AF504 /* Debug */,
				4C1498281A87B6E4005AF504 /* Release */,
			);
			defaultConfigurationIsVisible = 0;
		};
/* End XCConfigurationList section */
	};
	rootObject = 4C1497F81A87B6E4005AF504 /* Project object */;
}
